
Microsoft Visual Studio Solution File, Format Version 12.00
# Visual Studio Version 16
VisualStudioVersion = 16.0.29613.14
MinimumVisualStudioVersion = 10.0.40219.1
Project("{FAE04EC0-301F-11D3-BF4B-00C04F79EFBC}") = "MVC-netcore3", "MVC-netcore3.csproj", "{0413C509-A60D-4041-A2E4-DFEECE174D5A}"
EndProject
Global
	GlobalSection(SolutionConfigurationPlatforms) = preSolution
		Debug|Any CPU = Debug|Any CPU
		Release|Any CPU = Release|Any CPU
	EndGlobalSection
	GlobalSection(ProjectConfigurationPlatforms) = postSolution
		{0413C509-A60D-4041-A2E4-DFEECE174D5A}.Debug|Any CPU.ActiveCfg = Debug|Any CPU
		{0413C509-A60D-4041-A2E4-DFEECE174D5A}.Debug|Any CPU.Build.0 = Debug|Any CPU
		{0413C509-A60D-4041-A2E4-DFEECE174D5A}.Release|Any CPU.ActiveCfg = Release|Any CPU
		{0413C509-A60D-4041-A2E4-DFEECE174D5A}.Release|Any CPU.Build.0 = Release|Any CPU
	EndGlobalSection
	GlobalSection(SolutionProperties) = preSolution
		HideSolutionNode = FALSE
	EndGlobalSection
	GlobalSection(ExtensibilityGlobals) = postSolution
		SolutionGuid = {46657A7E-5A49-4087-8C02-7ED4435DE6AB}
	EndGlobalSection
EndGlobal
